
Microsoft Visual Studio Solution File, Format Version 12.00
# Visual Studio 15
VisualStudioVersion = 15.0.28010.2041
MinimumVisualStudioVersion = 10.0.40219.1
Project("{F184B08F-C81C-45F6-A57F-5ABD9991F28F}") = "BaseLibrary", "BaseLibrary\BaseLibrary.vbproj", "{92BBFFD4-DA88-495D-B337-E421B52C2EC2}"
EndProject
Project("{2150E333-8FDC-42A3-9474-1A3956D46DE8}") = "Solution Items", "Solution Items", "{DC6B48B6-1EE9-4F7A-BE70-50C301EBEE00}"
	ProjectSection(SolutionItems) = preProject
		emailDatabase.sql = emailDatabase.sql
		NorthWindPartialScript.sql = NorthWindPartialScript.sql
		readme.md = readme.md
	EndProjectSection
EndProject
Project("{F184B08F-C81C-45F6-A57F-5ABD9991F28F}") = "NorthWindCustomersReading", "NorthWindCustomers\NorthWindCustomersReading.vbproj", "{2E0A718F-8B0D-4925-A1F9-B86097E2AE35}"
EndProject
Project("{2150E333-8FDC-42A3-9474-1A3956D46DE8}") = "Libraries", "Libraries", "{B8DEE8C4-888C-4CC2-8406-458E3BA2F829}"
EndProject
Project("{F184B08F-C81C-45F6-A57F-5ABD9991F28F}") = "WindowsFormsLibrary", "WindowsFormsLibrary\WindowsFormsLibrary.vbproj", "{E8A0D689-3DFE-4B12-9D10-E90D1ABF6E17}"
EndProject
Project("{2150E333-8FDC-42A3-9474-1A3956D46DE8}") = "Examples", "Examples", "{19571AA6-1FF9-4412-BF5C-2486338467FA}"
EndProject
Project("{F184B08F-C81C-45F6-A57F-5ABD9991F28F}") = "MailExamples", "MailExamples\MailExamples.vbproj", "{856B2949-9910-4F96-85C7-F9B40BDFBEBE}"
EndProject
Project("{F184B08F-C81C-45F6-A57F-5ABD9991F28F}") = "NonMailBuilderExamples", "NonMailBuilderExamples\NonMailBuilderExamples.vbproj", "{68C73890-4F6E-4AF3-91B3-F451E884496D}"
EndProject
Project("{F184B08F-C81C-45F6-A57F-5ABD9991F28F}") = "NorthWindCustomersUpdateContactPhone", "NorthWindCustomersUpdateContactPhone\NorthWindCustomersUpdateContactPhone.vbproj", "{6A34A815-26FB-4901-ABC0-44CEA2A1FEE3}"
EndProject
Project("{F184B08F-C81C-45F6-A57F-5ABD9991F28F}") = "ProductStockReportBuilderExample", "ProductStockReportBuilderExample\ProductStockReportBuilderExample.vbproj", "{014826D4-41B4-4219-81F2-1389B8E8F808}"
EndProject
Project("{F184B08F-C81C-45F6-A57F-5ABD9991F28F}") = "BurgerBuilderExample", "BurgerBuilderExample\BurgerBuilderExample.vbproj", "{80D1297E-8E76-4F95-AFCB-ADAC953DFF06}"
EndProject
Global
	GlobalSection(SolutionConfigurationPlatforms) = preSolution
		Debug|Any CPU = Debug|Any CPU
		Release|Any CPU = Release|Any CPU
	EndGlobalSection
	GlobalSection(ProjectConfigurationPlatforms) = postSolution
		{92BBFFD4-DA88-495D-B337-E421B52C2EC2}.Debug|Any CPU.ActiveCfg = Debug|Any CPU
		{92BBFFD4-DA88-495D-B337-E421B52C2EC2}.Debug|Any CPU.Build.0 = Debug|Any CPU
		{92BBFFD4-DA88-495D-B337-E421B52C2EC2}.Release|Any CPU.ActiveCfg = Release|Any CPU
		{92BBFFD4-DA88-495D-B337-E421B52C2EC2}.Release|Any CPU.Build.0 = Release|Any CPU
		{2E0A718F-8B0D-4925-A1F9-B86097E2AE35}.Debug|Any CPU.ActiveCfg = Debug|Any CPU
		{2E0A718F-8B0D-4925-A1F9-B86097E2AE35}.Debug|Any CPU.Build.0 = Debug|Any CPU
		{2E0A718F-8B0D-4925-A1F9-B86097E2AE35}.Release|Any CPU.ActiveCfg = Release|Any CPU
		{2E0A718F-8B0D-4925-A1F9-B86097E2AE35}.Release|Any CPU.Build.0 = Release|Any CPU
		{E8A0D689-3DFE-4B12-9D10-E90D1ABF6E17}.Debug|Any CPU.ActiveCfg = Debug|Any CPU
		{E8A0D689-3DFE-4B12-9D10-E90D1ABF6E17}.Debug|Any CPU.Build.0 = Debug|Any CPU
		{E8A0D689-3DFE-4B12-9D10-E90D1ABF6E17}.Release|Any CPU.ActiveCfg = Release|Any CPU
		{E8A0D689-3DFE-4B12-9D10-E90D1ABF6E17}.Release|Any CPU.Build.0 = Release|Any CPU
		{856B2949-9910-4F96-85C7-F9B40BDFBEBE}.Debug|Any CPU.ActiveCfg = Debug|Any CPU
		{856B2949-9910-4F96-85C7-F9B40BDFBEBE}.Debug|Any CPU.Build.0 = Debug|Any CPU
		{856B2949-9910-4F96-85C7-F9B40BDFBEBE}.Release|Any CPU.ActiveCfg = Release|Any CPU
		{856B2949-9910-4F96-85C7-F9B40BDFBEBE}.Release|Any CPU.Build.0 = Release|Any CPU
		{68C73890-4F6E-4AF3-91B3-F451E884496D}.Debug|Any CPU.ActiveCfg = Debug|Any CPU
		{68C73890-4F6E-4AF3-91B3-F451E884496D}.Debug|Any CPU.Build.0 = Debug|Any CPU
		{68C73890-4F6E-4AF3-91B3-F451E884496D}.Release|Any CPU.ActiveCfg = Release|Any CPU
		{68C73890-4F6E-4AF3-91B3-F451E884496D}.Release|Any CPU.Build.0 = Release|Any CPU
		{6A34A815-26FB-4901-ABC0-44CEA2A1FEE3}.Debug|Any CPU.ActiveCfg = Debug|Any CPU
		{6A34A815-26FB-4901-ABC0-44CEA2A1FEE3}.Debug|Any CPU.Build.0 = Debug|Any CPU
		{6A34A815-26FB-4901-ABC0-44CEA2A1FEE3}.Release|Any CPU.ActiveCfg = Release|Any CPU
		{6A34A815-26FB-4901-ABC0-44CEA2A1FEE3}.Release|Any CPU.Build.0 = Release|Any CPU
		{014826D4-41B4-4219-81F2-1389B8E8F808}.Debug|Any CPU.ActiveCfg = Debug|Any CPU
		{014826D4-41B4-4219-81F2-1389B8E8F808}.Debug|Any CPU.Build.0 = Debug|Any CPU
		{014826D4-41B4-4219-81F2-1389B8E8F808}.Release|Any CPU.ActiveCfg = Release|Any CPU
		{014826D4-41B4-4219-81F2-1389B8E8F808}.Release|Any CPU.Build.0 = Release|Any CPU
		{80D1297E-8E76-4F95-AFCB-ADAC953DFF06}.Debug|Any CPU.ActiveCfg = Debug|Any CPU
		{80D1297E-8E76-4F95-AFCB-ADAC953DFF06}.Debug|Any CPU.Build.0 = Debug|Any CPU
		{80D1297E-8E76-4F95-AFCB-ADAC953DFF06}.Release|Any CPU.ActiveCfg = Release|Any CPU
		{80D1297E-8E76-4F95-AFCB-ADAC953DFF06}.Release|Any CPU.Build.0 = Release|Any CPU
	EndGlobalSection
	GlobalSection(SolutionProperties) = preSolution
		HideSolutionNode = FALSE
	EndGlobalSection
	GlobalSection(NestedProjects) = preSolution
		{92BBFFD4-DA88-495D-B337-E421B52C2EC2} = {B8DEE8C4-888C-4CC2-8406-458E3BA2F829}
		{2E0A718F-8B0D-4925-A1F9-B86097E2AE35} = {19571AA6-1FF9-4412-BF5C-2486338467FA}
		{E8A0D689-3DFE-4B12-9D10-E90D1ABF6E17} = {B8DEE8C4-888C-4CC2-8406-458E3BA2F829}
		{856B2949-9910-4F96-85C7-F9B40BDFBEBE} = {19571AA6-1FF9-4412-BF5C-2486338467FA}
		{68C73890-4F6E-4AF3-91B3-F451E884496D} = {19571AA6-1FF9-4412-BF5C-2486338467FA}
		{6A34A815-26FB-4901-ABC0-44CEA2A1FEE3} = {19571AA6-1FF9-4412-BF5C-2486338467FA}
		{014826D4-41B4-4219-81F2-1389B8E8F808} = {19571AA6-1FF9-4412-BF5C-2486338467FA}
		{80D1297E-8E76-4F95-AFCB-ADAC953DFF06} = {19571AA6-1FF9-4412-BF5C-2486338467FA}
	EndGlobalSection
	GlobalSection(ExtensibilityGlobals) = postSolution
		SolutionGuid = {C811433C-B41F-4F98-B40D-78F65FB5F18C}
	EndGlobalSection
EndGlobal
